
Microsoft Visual Studio Solution File, Format Version 12.00
# Visual Studio Version 17
VisualStudioVersion = 17.14.36511.14 d17.14
MinimumVisualStudioVersion = 10.0.40219.1
Project("{FAE04EC0-301F-11D3-BF4B-00C04F79EFBC}") = "chatserver", "chatserver\chatserver.csproj", "{7E9E73D8-C7E7-4469-850E-35BAAC66FB86}"
EndProject
Project("{FAE04EC0-301F-11D3-BF4B-00C04F79EFBC}") = "chatclient", "chatclient\chatclient.csproj", "{FC379080-7516-47AC-8C6A-902099B2A0F0}"
EndProject
Global
	GlobalSection(SolutionConfigurationPlatforms) = preSolution
		Debug|Any CPU = Debug|Any CPU
		Release|Any CPU = Release|Any CPU
	EndGlobalSection
	GlobalSection(ProjectConfigurationPlatforms) = postSolution
		{7E9E73D8-C7E7-4469-850E-35BAAC66FB86}.Debug|Any CPU.ActiveCfg = Debug|Any CPU
		{7E9E73D8-C7E7-4469-850E-35BAAC66FB86}.Debug|Any CPU.Build.0 = Debug|Any CPU
		{7E9E73D8-C7E7-4469-850E-35BAAC66FB86}.Release|Any CPU.ActiveCfg = Release|Any CPU
		{7E9E73D8-C7E7-4469-850E-35BAAC66FB86}.Release|Any CPU.Build.0 = Release|Any CPU
		{FC379080-7516-47AC-8C6A-902099B2A0F0}.Debug|Any CPU.ActiveCfg = Debug|Any CPU
		{FC379080-7516-47AC-8C6A-902099B2A0F0}.Debug|Any CPU.Build.0 = Debug|Any CPU
		{FC379080-7516-47AC-8C6A-902099B2A0F0}.Release|Any CPU.ActiveCfg = Release|Any CPU
		{FC379080-7516-47AC-8C6A-902099B2A0F0}.Release|Any CPU.Build.0 = Release|Any CPU
	EndGlobalSection
	GlobalSection(SolutionProperties) = preSolution
		HideSolutionNode = FALSE
	EndGlobalSection
	GlobalSection(ExtensibilityGlobals) = postSolution
		SolutionGuid = {A83C32A6-85F7-42B2-95A2-68D62F39E667}
	EndGlobalSection
EndGlobal
